
Microsoft Visual Studio Solution File, Format Version 12.00
# Visual Studio Version 16
VisualStudioVersion = 16.0.30711.63
MinimumVisualStudioVersion = 10.0.40219.1
Project("{FAE04EC0-301F-11D3-BF4B-00C04F79EFBC}") = "Marchini.Claudio.Villa", "Marchini.Claudio.Villa.csproj", "{8216ECB4-878E-4C82-975F-72B3F0EDA20C}"
EndProject
Global
	GlobalSection(SolutionConfigurationPlatforms) = preSolution
		Debug|Any CPU = Debug|Any CPU
		Release|Any CPU = Release|Any CPU
	EndGlobalSection
	GlobalSection(ProjectConfigurationPlatforms) = postSolution
		{8216ECB4-878E-4C82-975F-72B3F0EDA20C}.Debug|Any CPU.ActiveCfg = Debug|Any CPU
		{8216ECB4-878E-4C82-975F-72B3F0EDA20C}.Debug|Any CPU.Build.0 = Debug|Any CPU
		{8216ECB4-878E-4C82-975F-72B3F0EDA20C}.Release|Any CPU.ActiveCfg = Release|Any CPU
		{8216ECB4-878E-4C82-975F-72B3F0EDA20C}.Release|Any CPU.Build.0 = Release|Any CPU
	EndGlobalSection
	GlobalSection(SolutionProperties) = preSolution
		HideSolutionNode = FALSE
	EndGlobalSection
	GlobalSection(ExtensibilityGlobals) = postSolution
		SolutionGuid = {CAE95062-24FD-4110-A482-946B497629CB}
	EndGlobalSection
EndGlobal
